
Microsoft Visual Studio Solution File, Format Version 12.00
# Visual Studio Version 17
VisualStudioVersion = 17.0.31903.59
MinimumVisualStudioVersion = 10.0.40219.1
Project("{FAE04EC0-301F-11D3-BF4B-00C04F79EFBC}") = "src", "src\src.csproj", "{393CCB3D-5348-4B72-A34B-E5FC929222E7}"
EndProject
Project("{FAE04EC0-301F-11D3-BF4B-00C04F79EFBC}") = "gestor", "gestor\gestor.csproj", "{A1FDDFF9-C3C7-4C41-A545-2BE3207182D9}"
EndProject
Global
	GlobalSection(SolutionConfigurationPlatforms) = preSolution
		Debug|Any CPU = Debug|Any CPU
		Release|Any CPU = Release|Any CPU
	EndGlobalSection
	GlobalSection(SolutionProperties) = preSolution
		HideSolutionNode = FALSE
	EndGlobalSection
	GlobalSection(ProjectConfigurationPlatforms) = postSolution
		{393CCB3D-5348-4B72-A34B-E5FC929222E7}.Debug|Any CPU.ActiveCfg = Debug|Any CPU
		{393CCB3D-5348-4B72-A34B-E5FC929222E7}.Debug|Any CPU.Build.0 = Debug|Any CPU
		{393CCB3D-5348-4B72-A34B-E5FC929222E7}.Release|Any CPU.ActiveCfg = Release|Any CPU
		{393CCB3D-5348-4B72-A34B-E5FC929222E7}.Release|Any CPU.Build.0 = Release|Any CPU
		{A1FDDFF9-C3C7-4C41-A545-2BE3207182D9}.Debug|Any CPU.ActiveCfg = Debug|Any CPU
		{A1FDDFF9-C3C7-4C41-A545-2BE3207182D9}.Debug|Any CPU.Build.0 = Debug|Any CPU
		{A1FDDFF9-C3C7-4C41-A545-2BE3207182D9}.Release|Any CPU.ActiveCfg = Release|Any CPU
		{A1FDDFF9-C3C7-4C41-A545-2BE3207182D9}.Release|Any CPU.Build.0 = Release|Any CPU
	EndGlobalSection
EndGlobal
